
Microsoft Visual Studio Solution File, Format Version 12.00
# Visual Studio Version 17
VisualStudioVersion = 17.13.35818.85 d17.13
MinimumVisualStudioVersion = 10.0.40219.1
Project("{FAE04EC0-301F-11D3-BF4B-00C04F79EFBC}") = "tpmodul5_103022300085", "tpmodul5_103022300085\tpmodul5_103022300085.csproj", "{90B181A3-5AF2-4B14-9116-2AE8344B1BD7}"
EndProject
Global
	GlobalSection(SolutionConfigurationPlatforms) = preSolution
		Debug|Any CPU = Debug|Any CPU
		Release|Any CPU = Release|Any CPU
	EndGlobalSection
	GlobalSection(ProjectConfigurationPlatforms) = postSolution
		{90B181A3-5AF2-4B14-9116-2AE8344B1BD7}.Debug|Any CPU.ActiveCfg = Debug|Any CPU
		{90B181A3-5AF2-4B14-9116-2AE8344B1BD7}.Debug|Any CPU.Build.0 = Debug|Any CPU
		{90B181A3-5AF2-4B14-9116-2AE8344B1BD7}.Release|Any CPU.ActiveCfg = Release|Any CPU
		{90B181A3-5AF2-4B14-9116-2AE8344B1BD7}.Release|Any CPU.Build.0 = Release|Any CPU
	EndGlobalSection
	GlobalSection(SolutionProperties) = preSolution
		HideSolutionNode = FALSE
	EndGlobalSection
	GlobalSection(ExtensibilityGlobals) = postSolution
		SolutionGuid = {46439631-8BC3-4BFC-BD8B-0CA4FCD2695B}
	EndGlobalSection
EndGlobal
